
Microsoft Visual Studio Solution File, Format Version 12.00
# Visual Studio Version 16
VisualStudioVersion = 16.0.31205.134
MinimumVisualStudioVersion = 10.0.40219.1
Project("{FAE04EC0-301F-11D3-BF4B-00C04F79EFBC}") = "MultiServi", "MultiServi.csproj", "{0C9D0A4C-7A58-472C-A137-A21FCAF6B736}"
EndProject
Global
	GlobalSection(SolutionConfigurationPlatforms) = preSolution
		Debug|Any CPU = Debug|Any CPU
		Release|Any CPU = Release|Any CPU
	EndGlobalSection
	GlobalSection(ProjectConfigurationPlatforms) = postSolution
		{0C9D0A4C-7A58-472C-A137-A21FCAF6B736}.Debug|Any CPU.ActiveCfg = Debug|Any CPU
		{0C9D0A4C-7A58-472C-A137-A21FCAF6B736}.Debug|Any CPU.Build.0 = Debug|Any CPU
		{0C9D0A4C-7A58-472C-A137-A21FCAF6B736}.Release|Any CPU.ActiveCfg = Release|Any CPU
		{0C9D0A4C-7A58-472C-A137-A21FCAF6B736}.Release|Any CPU.Build.0 = Release|Any CPU
	EndGlobalSection
	GlobalSection(SolutionProperties) = preSolution
		HideSolutionNode = FALSE
	EndGlobalSection
	GlobalSection(ExtensibilityGlobals) = postSolution
		SolutionGuid = {7DE0BE79-BB1E-4046-8115-75671C0B5914}
	EndGlobalSection
EndGlobal
